PODS:
  - APBFoundation (0.1.0)

DEPENDENCIES:
  - APBFoundation (= 0.1.0)

SPEC REPOS:
  https://github.com/ApprovedBug/iOS-Specs.git:
    - APBFoundation

SPEC CHECKSUMS:
  APBFoundation: cc5e950fa3d7a9d0d90af390eabff02148881f25

PODFILE CHECKSUM: 80d034d433bef1dd9a4a12ce810a3e86f74c1476

COCOAPODS: 1.10.1
