// !$*UTF8*$!
{
	archiveVersion = 1;
	classes = {
	};
	objectVersion = 52;
	objects = {

/* Begin PBXBuildFile section */
		032A30602894C4DB6D6ED58F /* Pods_APBLocationTracker.framework in Frameworks */ = {isa = PBXBuildFile; fileRef = 4385181701E6AF42408EC97D /* Pods_APBLocationTracker.framework */; };
		31EAE847C750E5D8BA2A7F63 /* Pods_APBLocationTracker_APBLocationTrackerUITests.framework in Frameworks */ = {isa = PBXBuildFile; fileRef = A8E5291E3DCD8635A98C7D74 /* Pods_APBLocationTracker_APBLocationTrackerUITests.framework */; };
		71848AE326EF979A00EC75C8 /* APBDashboardViewControllerTests.m in Sources */ = {isa = PBXBuildFile; fileRef = 71848AE226EF979A00EC75C8 /* APBDashboardViewControllerTests.m */; };
		71848AE726EF9BDB00EC75C8 /* APBDashboardViewControllerMock.m in Sources */ = {isa = PBXBuildFile; fileRef = 71848AE626EF9BDB00EC75C8 /* APBDashboardViewControllerMock.m */; };
		7197359B26E8FAF1001B36F7 /* AppDelegate.m in Sources */ = {isa = PBXBuildFile; fileRef = 7197359A26E8FAF1001B36F7 /* AppDelegate.m */; };
		719735A726E8FAF1001B36F7 /* APBLocationTracker.xcdatamodeld in Sources */ = {isa = PBXBuildFile; fileRef = 719735A526E8FAF1001B36F7 /* APBLocationTracker.xcdatamodeld */; };
		719735A926E8FAF2001B36F7 /* Assets.xcassets in Resources */ = {isa = PBXBuildFile; fileRef = 719735A826E8FAF2001B36F7 /* Assets.xcassets */; };
		719735AC26E8FAF2001B36F7 /* LaunchScreen.storyboard in Resources */ = {isa = PBXBuildFile; fileRef = 719735AA26E8FAF2001B36F7 /* LaunchScreen.storyboard */; };
		719735AF26E8FAF2001B36F7 /* main.m in Sources */ = {isa = PBXBuildFile; fileRef = 719735AE26E8FAF2001B36F7 /* main.m */; };
		719735B926E8FAF3001B36F7 /* APBLocationTrackerTests.m in Sources */ = {isa = PBXBuildFile; fileRef = 719735B826E8FAF3001B36F7 /* APBLocationTrackerTests.m */; };
		719735C426E8FAF3001B36F7 /* APBLocationTrackerUITests.m in Sources */ = {isa = PBXBuildFile; fileRef = 719735C326E8FAF3001B36F7 /* APBLocationTrackerUITests.m */; };
		71E02C3826F0A94300830248 /* APBReviewMO+CoreDataClass.m in Sources */ = {isa = PBXBuildFile; fileRef = 71E02C2E26F0A94300830248 /* APBReviewMO+CoreDataClass.m */; };
		71E02C3926F0A94300830248 /* APBReviewMO+CoreDataProperties.m in Sources */ = {isa = PBXBuildFile; fileRef = 71E02C2F26F0A94300830248 /* APBReviewMO+CoreDataProperties.m */; };
		71E02C3A26F0A94300830248 /* APBLocationMO+CoreDataClass.m in Sources */ = {isa = PBXBuildFile; fileRef = 71E02C3226F0A94300830248 /* APBLocationMO+CoreDataClass.m */; };
		71E02C3B26F0A94300830248 /* APBLocationMO+CoreDataProperties.m in Sources */ = {isa = PBXBuildFile; fileRef = 71E02C3326F0A94300830248 /* APBLocationMO+CoreDataProperties.m */; };
		71E02C3C26F0A94300830248 /* APBPhotoMO+CoreDataClass.m in Sources */ = {isa = PBXBuildFile; fileRef = 71E02C3626F0A94300830248 /* APBPhotoMO+CoreDataClass.m */; };
		71E02C3D26F0A94300830248 /* APBPhotoMO+CoreDataProperties.m in Sources */ = {isa = PBXBuildFile; fileRef = 71E02C3726F0A94300830248 /* APBPhotoMO+CoreDataProperties.m */; };
		71E02C4226F0F17E00830248 /* NSDictionary+SafeGuard.m in Sources */ = {isa = PBXBuildFile; fileRef = 71E02C4126F0F17E00830248 /* NSDictionary+SafeGuard.m */; };
		71E02C4526F100DB00830248 /* NSManagedObject+Helpers.m in Sources */ = {isa = PBXBuildFile; fileRef = 71E02C4426F100DB00830248 /* NSManagedObject+Helpers.m */; };
		71E02C4926F25F4600830248 /* APBLocationsCollectionViewDelegate.m in Sources */ = {isa = PBXBuildFile; fileRef = 71E02C4826F25F4600830248 /* APBLocationsCollectionViewDelegate.m */; };
		71E02C4C26F2626600830248 /* APBDashboardLocationCollectionViewCell.m in Sources */ = {isa = PBXBuildFile; fileRef = 71E02C4B26F2626600830248 /* APBDashboardLocationCollectionViewCell.m */; };
		71E4F9D526EA658D0046B006 /* APBDashboardViewController.m in Sources */ = {isa = PBXBuildFile; fileRef = 71E4F9D426EA658D0046B006 /* APBDashboardViewController.m */; };
		71E4F9D926EA65CA0046B006 /* APBDashboardRootView.m in Sources */ = {isa = PBXBuildFile; fileRef = 71E4F9D826EA65CA0046B006 /* APBDashboardRootView.m */; };
		8A56742B77195BAB8AD58AB1 /* Pods_APBLocationTrackerTests.framework in Frameworks */ = {isa = PBXBuildFile; fileRef = F6B058C776D48ACC38B05E71 /* Pods_APBLocationTrackerTests.framework */; };
/* End PBXBuildFile section */

/* Begin PBXContainerItemProxy section */
		719735B526E8FAF3001B36F7 /* PBXContainerItemProxy */ = {
			isa = PBXContainerItemProxy;
			containerPortal = 7197358E26E8FAF1001B36F7 /* Project object */;
			proxyType = 1;
			remoteGlobalIDString = 7197359526E8FAF1001B36F7;
			remoteInfo = APBLocationTracker;
		};
		719735C026E8FAF3001B36F7 /* PBXContainerItemProxy */ = {
			isa = PBXContainerItemProxy;
			containerPortal = 7197358E26E8FAF1001B36F7 /* Project object */;
			proxyType = 1;
			remoteGlobalIDString = 7197359526E8FAF1001B36F7;
			remoteInfo = APBLocationTracker;
		};
/* End PBXContainerItemProxy section */

/* Begin PBXFileReference section */
		256D3C135D7D0F8FEFC49CF3 /* Pods-APBLocationTrackerTests.release.xcconfig */ = {isa = PBXFileReference; includeInIndex = 1; lastKnownFileType = text.xcconfig; name = "Pods-APBLocationTrackerTests.release.xcconfig"; path = "Target Support Files/Pods-APBLocationTrackerTests/Pods-APBLocationTrackerTests.release.xcconfig"; sourceTree = "<group>"; };
		4385181701E6AF42408EC97D /* Pods_APBLocationTracker.framework */ = {isa = PBXFileReference; explicitFileType = wrapper.framework; includeInIndex = 0; path = Pods_APBLocationTracker.framework; sourceTree = BUILT_PRODUCTS_DIR; };
		6B8F41319D22949AC0A20B21 /* Pods-APBLocationTrackerTests.debug.xcconfig */ = {isa = PBXFileReference; includeInIndex = 1; lastKnownFileType = text.xcconfig; name = "Pods-APBLocationTrackerTests.debug.xcconfig"; path = "Target Support Files/Pods-APBLocationTrackerTests/Pods-APBLocationTrackerTests.debug.xcconfig"; sourceTree = "<group>"; };
		71848AE226EF979A00EC75C8 /* APBDashboardViewControllerTests.m */ = {isa = PBXFileReference; lastKnownFileType = sourcecode.c.objc; path = APBDashboardViewControllerTests.m; sourceTree = "<group>"; };
		71848AE526EF9BDB00EC75C8 /* APBDashboardViewControllerMock.h */ = {isa = PBXFileReference; lastKnownFileType = sourcecode.c.h; path = APBDashboardViewControllerMock.h; sourceTree = "<group>"; };
		71848AE626EF9BDB00EC75C8 /* APBDashboardViewControllerMock.m */ = {isa = PBXFileReference; lastKnownFileType = sourcecode.c.objc; path = APBDashboardViewControllerMock.m; sourceTree = "<group>"; };
		7197359626E8FAF1001B36F7 /* APBLocationTracker.app */ = {isa = PBXFileReference; explicitFileType = wrapper.application; includeInIndex = 0; path = APBLocationTracker.app; sourceTree = BUILT_PRODUCTS_DIR; };
		7197359926E8FAF1001B36F7 /* AppDelegate.h */ = {isa = PBXFileReference; lastKnownFileType = sourcecode.c.h; path = AppDelegate.h; sourceTree = "<group>"; };
		7197359A26E8FAF1001B36F7 /* AppDelegate.m */ = {isa = PBXFileReference; lastKnownFileType = sourcecode.c.objc; path = AppDelegate.m; sourceTree = "<group>"; };
		719735A626E8FAF1001B36F7 /* APBLocationTracker.xcdatamodel */ = {isa = PBXFileReference; lastKnownFileType = wrapper.xcdatamodel; path = APBLocationTracker.xcdatamodel; sourceTree = "<group>"; };
		719735A826E8FAF2001B36F7 /* Assets.xcassets */ = {isa = PBXFileReference; lastKnownFileType = folder.assetcatalog; path = Assets.xcassets; sourceTree = "<group>"; };
		719735AB26E8FAF2001B36F7 /* Base */ = {isa = PBXFileReference; lastKnownFileType = file.storyboard; name = Base; path = Base.lproj/LaunchScreen.storyboard; sourceTree = "<group>"; };
		719735AD26E8FAF2001B36F7 /* Info.plist */ = {isa = PBXFileReference; lastKnownFileType = text.plist.xml; path = Info.plist; sourceTree = "<group>"; };
		719735AE26E8FAF2001B36F7 /* main.m */ = {isa = PBXFileReference; lastKnownFileType = sourcecode.c.objc; path = main.m; sourceTree = "<group>"; };
		719735B426E8FAF3001B36F7 /* APBLocationTrackerTests.xctest */ = {isa = PBXFileReference; explicitFileType = wrapper.cfbundle; includeInIndex = 0; path = APBLocationTrackerTests.xctest; sourceTree = BUILT_PRODUCTS_DIR; };
		719735B826E8FAF3001B36F7 /* APBLocationTrackerTests.m */ = {isa = PBXFileReference; lastKnownFileType = sourcecode.c.objc; path = APBLocationTrackerTests.m; sourceTree = "<group>"; };
		719735BA26E8FAF3001B36F7 /* Info.plist */ = {isa = PBXFileReference; lastKnownFileType = text.plist.xml; path = Info.plist; sourceTree = "<group>"; };
		719735BF26E8FAF3001B36F7 /* APBLocationTrackerUITests.xctest */ = {isa = PBXFileReference; explicitFileType = wrapper.cfbundle; includeInIndex = 0; path = APBLocationTrackerUITests.xctest; sourceTree = BUILT_PRODUCTS_DIR; };
		719735C326E8FAF3001B36F7 /* APBLocationTrackerUITests.m */ = {isa = PBXFileReference; lastKnownFileType = sourcecode.c.objc; path = APBLocationTrackerUITests.m; sourceTree = "<group>"; };
		719735C526E8FAF3001B36F7 /* Info.plist */ = {isa = PBXFileReference; lastKnownFileType = text.plist.xml; path = Info.plist; sourceTree = "<group>"; };
		71E02C2C26F0A94300830248 /* APBReviewMO+CoreDataProperties.h */ = {isa = PBXFileReference; lastKnownFileType = sourcecode.c.h; path = "APBReviewMO+CoreDataProperties.h"; sourceTree = "<group>"; };
		71E02C2D26F0A94300830248 /* APBReviewMO+CoreDataClass.h */ = {isa = PBXFileReference; lastKnownFileType = sourcecode.c.h; path = "APBReviewMO+CoreDataClass.h"; sourceTree = "<group>"; };
		71E02C2E26F0A94300830248 /* APBReviewMO+CoreDataClass.m */ = {isa = PBXFileReference; lastKnownFileType = sourcecode.c.objc; path = "APBReviewMO+CoreDataClass.m"; sourceTree = "<group>"; };
		71E02C2F26F0A94300830248 /* APBReviewMO+CoreDataProperties.m */ = {isa = PBXFileReference; lastKnownFileType = sourcecode.c.objc; path = "APBReviewMO+CoreDataProperties.m"; sourceTree = "<group>"; };
		71E02C3026F0A94300830248 /* APBLocationMO+CoreDataProperties.h */ = {isa = PBXFileReference; lastKnownFileType = sourcecode.c.h; path = "APBLocationMO+CoreDataProperties.h"; sourceTree = "<group>"; };
		71E02C3126F0A94300830248 /* APBLocationMO+CoreDataClass.h */ = {isa = PBXFileReference; lastKnownFileType = sourcecode.c.h; path = "APBLocationMO+CoreDataClass.h"; sourceTree = "<group>"; };
		71E02C3226F0A94300830248 /* APBLocationMO+CoreDataClass.m */ = {isa = PBXFileReference; lastKnownFileType = sourcecode.c.objc; path = "APBLocationMO+CoreDataClass.m"; sourceTree = "<group>"; };
		71E02C3326F0A94300830248 /* APBLocationMO+CoreDataProperties.m */ = {isa = PBXFileReference; lastKnownFileType = sourcecode.c.objc; path = "APBLocationMO+CoreDataProperties.m"; sourceTree = "<group>"; };
		71E02C3426F0A94300830248 /* APBPhotoMO+CoreDataProperties.h */ = {isa = PBXFileReference; lastKnownFileType = sourcecode.c.h; path = "APBPhotoMO+CoreDataProperties.h"; sourceTree = "<group>"; };
		71E02C3526F0A94300830248 /* APBPhotoMO+CoreDataClass.h */ = {isa = PBXFileReference; lastKnownFileType = sourcecode.c.h; path = "APBPhotoMO+CoreDataClass.h"; sourceTree = "<group>"; };
		71E02C3626F0A94300830248 /* APBPhotoMO+CoreDataClass.m */ = {isa = PBXFileReference; lastKnownFileType = sourcecode.c.objc; path = "APBPhotoMO+CoreDataClass.m"; sourceTree = "<group>"; };
		71E02C3726F0A94300830248 /* APBPhotoMO+CoreDataProperties.m */ = {isa = PBXFileReference; lastKnownFileType = sourcecode.c.objc; path = "APBPhotoMO+CoreDataProperties.m"; sourceTree = "<group>"; };
		71E02C4026F0F17E00830248 /* NSDictionary+SafeGuard.h */ = {isa = PBXFileReference; lastKnownFileType = sourcecode.c.h; path = "NSDictionary+SafeGuard.h"; sourceTree = "<group>"; };
		71E02C4126F0F17E00830248 /* NSDictionary+SafeGuard.m */ = {isa = PBXFileReference; lastKnownFileType = sourcecode.c.objc; path = "NSDictionary+SafeGuard.m"; sourceTree = "<group>"; };
		71E02C4326F100DB00830248 /* NSManagedObject+Helpers.h */ = {isa = PBXFileReference; lastKnownFileType = sourcecode.c.h; path = "NSManagedObject+Helpers.h"; sourceTree = "<group>"; };
		71E02C4426F100DB00830248 /* NSManagedObject+Helpers.m */ = {isa = PBXFileReference; lastKnownFileType = sourcecode.c.objc; path = "NSManagedObject+Helpers.m"; sourceTree = "<group>"; };
		71E02C4726F25F4600830248 /* APBLocationsCollectionViewDelegate.h */ = {isa = PBXFileReference; lastKnownFileType = sourcecode.c.h; path = APBLocationsCollectionViewDelegate.h; sourceTree = "<group>"; };
		71E02C4826F25F4600830248 /* APBLocationsCollectionViewDelegate.m */ = {isa = PBXFileReference; lastKnownFileType = sourcecode.c.objc; path = APBLocationsCollectionViewDelegate.m; sourceTree = "<group>"; };
		71E02C4A26F2626600830248 /* APBDashboardLocationCollectionViewCell.h */ = {isa = PBXFileReference; lastKnownFileType = sourcecode.c.h; path = APBDashboardLocationCollectionViewCell.h; sourceTree = "<group>"; };
		71E02C4B26F2626600830248 /* APBDashboardLocationCollectionViewCell.m */ = {isa = PBXFileReference; lastKnownFileType = sourcecode.c.objc; path = APBDashboardLocationCollectionViewCell.m; sourceTree = "<group>"; };
		71E4F9D326EA658D0046B006 /* APBDashboardViewController.h */ = {isa = PBXFileReference; lastKnownFileType = sourcecode.c.h; path = APBDashboardViewController.h; sourceTree = "<group>"; };
		71E4F9D426EA658D0046B006 /* APBDashboardViewController.m */ = {isa = PBXFileReference; lastKnownFileType = sourcecode.c.objc; path = APBDashboardViewController.m; sourceTree = "<group>"; };
		71E4F9D726EA65CA0046B006 /* APBDashboardRootView.h */ = {isa = PBXFileReference; lastKnownFileType = sourcecode.c.h; path = APBDashboardRootView.h; sourceTree = "<group>"; };
		71E4F9D826EA65CA0046B006 /* APBDashboardRootView.m */ = {isa = PBXFileReference; lastKnownFileType = sourcecode.c.objc; path = APBDashboardRootView.m; sourceTree = "<group>"; };
		7E81BB11175B0D08AB2224DA /* Pods-APBLocationTracker.debug.xcconfig */ = {isa = PBXFileReference; includeInIndex = 1; lastKnownFileType = text.xcconfig; name = "Pods-APBLocationTracker.debug.xcconfig"; path = "Target Support Files/Pods-APBLocationTracker/Pods-APBLocationTracker.debug.xcconfig"; sourceTree = "<group>"; };
		A282D60E577A477651D1DB5F /* Pods-APBLocationTracker-APBLocationTrackerUITests.release.xcconfig */ = {isa = PBXFileReference; includeInIndex = 1; lastKnownFileType = text.xcconfig; name = "Pods-APBLocationTracker-APBLocationTrackerUITests.release.xcconfig"; path = "Target Support Files/Pods-APBLocationTracker-APBLocationTrackerUITests/Pods-APBLocationTracker-APBLocationTrackerUITests.release.xcconfig"; sourceTree = "<group>"; };
		A8E5291E3DCD8635A98C7D74 /* Pods_APBLocationTracker_APBLocationTrackerUITests.framework */ = {isa = PBXFileReference; explicitFileType = wrapper.framework; includeInIndex = 0; path = Pods_APBLocationTracker_APBLocationTrackerUITests.framework; sourceTree = BUILT_PRODUCTS_DIR; };
		C592740ED85A36BE8BCD383E /* Pods-APBLocationTracker.release.xcconfig */ = {isa = PBXFileReference; includeInIndex = 1; lastKnownFileType = text.xcconfig; name = "Pods-APBLocationTracker.release.xcconfig"; path = "Target Support Files/Pods-APBLocationTracker/Pods-APBLocationTracker.release.xcconfig"; sourceTree = "<group>"; };
		E53A084FB3DAF982E31DB172 /* Pods-APBLocationTracker-APBLocationTrackerUITests.debug.xcconfig */ = {isa = PBXFileReference; includeInIndex = 1; lastKnownFileType = text.xcconfig; name = "Pods-APBLocationTracker-APBLocationTrackerUITests.debug.xcconfig"; path = "Target Support Files/Pods-APBLocationTracker-APBLocationTrackerUITests/Pods-APBLocationTracker-APBLocationTrackerUITests.debug.xcconfig"; sourceTree = "<group>"; };
		F6B058C776D48ACC38B05E71 /* Pods_APBLocationTrackerTests.framework */ = {isa = PBXFileReference; explicitFileType = wrapper.framework; includeInIndex = 0; path = Pods_APBLocationTrackerTests.framework; sourceTree = BUILT_PRODUCTS_DIR; };
/* End PBXFileReference section */

/* Begin PBXFrameworksBuildPhase section */
		7197359326E8FAF1001B36F7 /* Frameworks */ = {
			isa = PBXFrameworksBuildPhase;
			buildActionMask = 2147483647;
			files = (
				032A30602894C4DB6D6ED58F /* Pods_APBLocationTracker.framework in Frameworks */,
			);
			runOnlyForDeploymentPostprocessing = 0;
		};
		719735B126E8FAF3001B36F7 /* Frameworks */ = {
			isa = PBXFrameworksBuildPhase;
			buildActionMask = 2147483647;
			files = (
				8A56742B77195BAB8AD58AB1 /* Pods_APBLocationTrackerTests.framework in Frameworks */,
			);
			runOnlyForDeploymentPostprocessing = 0;
		};
		719735BC26E8FAF3001B36F7 /* Frameworks */ = {
			isa = PBXFrameworksBuildPhase;
			buildActionMask = 2147483647;
			files = (
				31EAE847C750E5D8BA2A7F63 /* Pods_APBLocationTracker_APBLocationTrackerUITests.framework in Frameworks */,
			);
			runOnlyForDeploymentPostprocessing = 0;
		};
/* End PBXFrameworksBuildPhase section */

/* Begin PBXGroup section */
		7175D26A26F09C1600C1C219 /* Models */ = {
			isa = PBXGroup;
			children = (
				71E02C3126F0A94300830248 /* APBLocationMO+CoreDataClass.h */,
				71E02C3226F0A94300830248 /* APBLocationMO+CoreDataClass.m */,
				71E02C3026F0A94300830248 /* APBLocationMO+CoreDataProperties.h */,
				71E02C3326F0A94300830248 /* APBLocationMO+CoreDataProperties.m */,
				71E02C3526F0A94300830248 /* APBPhotoMO+CoreDataClass.h */,
				71E02C3626F0A94300830248 /* APBPhotoMO+CoreDataClass.m */,
				71E02C3426F0A94300830248 /* APBPhotoMO+CoreDataProperties.h */,
				71E02C3726F0A94300830248 /* APBPhotoMO+CoreDataProperties.m */,
				71E02C2D26F0A94300830248 /* APBReviewMO+CoreDataClass.h */,
				71E02C2E26F0A94300830248 /* APBReviewMO+CoreDataClass.m */,
				71E02C2C26F0A94300830248 /* APBReviewMO+CoreDataProperties.h */,
				71E02C2F26F0A94300830248 /* APBReviewMO+CoreDataProperties.m */,
			);
			path = Models;
			sourceTree = "<group>";
		};
		71848ADF26EF976F00EC75C8 /* UI */ = {
			isa = PBXGroup;
			children = (
				71848AE026EF977400EC75C8 /* Dashboard */,
			);
			path = UI;
			sourceTree = "<group>";
		};
		71848AE026EF977400EC75C8 /* Dashboard */ = {
			isa = PBXGroup;
			children = (
				71848AE426EF9BB900EC75C8 /* Mocks */,
				71848AE226EF979A00EC75C8 /* APBDashboardViewControllerTests.m */,
			);
			path = Dashboard;
			sourceTree = "<group>";
		};
		71848AE426EF9BB900EC75C8 /* Mocks */ = {
			isa = PBXGroup;
			children = (
				71848AE526EF9BDB00EC75C8 /* APBDashboardViewControllerMock.h */,
				71848AE626EF9BDB00EC75C8 /* APBDashboardViewControllerMock.m */,
			);
			path = Mocks;
			sourceTree = "<group>";
		};
		7197358D26E8FAF1001B36F7 = {
			isa = PBXGroup;
			children = (
				7197359826E8FAF1001B36F7 /* APBLocationTracker */,
				719735B726E8FAF3001B36F7 /* APBLocationTrackerTests */,
				719735C226E8FAF3001B36F7 /* APBLocationTrackerUITests */,
				7197359726E8FAF1001B36F7 /* Products */,
				CE510B37476554EEE9805EEA /* Pods */,
				7BA1B7CFEE1ADC643B0687B6 /* Frameworks */,
			);
			sourceTree = "<group>";
		};
		7197359726E8FAF1001B36F7 /* Products */ = {
			isa = PBXGroup;
			children = (
				7197359626E8FAF1001B36F7 /* APBLocationTracker.app */,
				719735B426E8FAF3001B36F7 /* APBLocationTrackerTests.xctest */,
				719735BF26E8FAF3001B36F7 /* APBLocationTrackerUITests.xctest */,
			);
			name = Products;
			sourceTree = "<group>";
		};
		7197359826E8FAF1001B36F7 /* APBLocationTracker */ = {
			isa = PBXGroup;
			children = (
				7197359926E8FAF1001B36F7 /* AppDelegate.h */,
				7197359A26E8FAF1001B36F7 /* AppDelegate.m */,
				71E02C3F26F0F15300830248 /* Categories */,
				7175D26A26F09C1600C1C219 /* Models */,
				71E4F9D026EA64C40046B006 /* Supporting Files */,
				71E4F9D126EA651E0046B006 /* UI */,
			);
			path = APBLocationTracker;
			sourceTree = "<group>";
		};
		719735B726E8FAF3001B36F7 /* APBLocationTrackerTests */ = {
			isa = PBXGroup;
			children = (
				71848ADF26EF976F00EC75C8 /* UI */,
				719735B826E8FAF3001B36F7 /* APBLocationTrackerTests.m */,
				719735BA26E8FAF3001B36F7 /* Info.plist */,
			);
			path = APBLocationTrackerTests;
			sourceTree = "<group>";
		};
		719735C226E8FAF3001B36F7 /* APBLocationTrackerUITests */ = {
			isa = PBXGroup;
			children = (
				719735C326E8FAF3001B36F7 /* APBLocationTrackerUITests.m */,
				719735C526E8FAF3001B36F7 /* Info.plist */,
			);
			path = APBLocationTrackerUITests;
			sourceTree = "<group>";
		};
		71E02C3F26F0F15300830248 /* Categories */ = {
			isa = PBXGroup;
			children = (
				71E02C4026F0F17E00830248 /* NSDictionary+SafeGuard.h */,
				71E02C4126F0F17E00830248 /* NSDictionary+SafeGuard.m */,
				71E02C4326F100DB00830248 /* NSManagedObject+Helpers.h */,
				71E02C4426F100DB00830248 /* NSManagedObject+Helpers.m */,
			);
			path = Categories;
			sourceTree = "<group>";
		};
		71E02C4626F25F1D00830248 /* Delegates */ = {
			isa = PBXGroup;
			children = (
				71E02C4726F25F4600830248 /* APBLocationsCollectionViewDelegate.h */,
				71E02C4826F25F4600830248 /* APBLocationsCollectionViewDelegate.m */,
			);
			path = Delegates;
			sourceTree = "<group>";
		};
		71E4F9D026EA64C40046B006 /* Supporting Files */ = {
			isa = PBXGroup;
			children = (
				719735A826E8FAF2001B36F7 /* Assets.xcassets */,
				719735AA26E8FAF2001B36F7 /* LaunchScreen.storyboard */,
				719735AD26E8FAF2001B36F7 /* Info.plist */,
				719735AE26E8FAF2001B36F7 /* main.m */,
				719735A526E8FAF1001B36F7 /* APBLocationTracker.xcdatamodeld */,
			);
			path = "Supporting Files";
			sourceTree = "<group>";
		};
		71E4F9D126EA651E0046B006 /* UI */ = {
			isa = PBXGroup;
			children = (
				71E4F9D226EA65350046B006 /* Dashboard */,
			);
			path = UI;
			sourceTree = "<group>";
		};
		71E4F9D226EA65350046B006 /* Dashboard */ = {
			isa = PBXGroup;
			children = (
				71E02C4626F25F1D00830248 /* Delegates */,
				71E4F9D626EA65A50046B006 /* Views */,
				71E4F9D326EA658D0046B006 /* APBDashboardViewController.h */,
				71E4F9D426EA658D0046B006 /* APBDashboardViewController.m */,
			);
			path = Dashboard;
			sourceTree = "<group>";
		};
		71E4F9D626EA65A50046B006 /* Views */ = {
			isa = PBXGroup;
			children = (
				71E4F9D726EA65CA0046B006 /* APBDashboardRootView.h */,
				71E4F9D826EA65CA0046B006 /* APBDashboardRootView.m */,
				71E02C4A26F2626600830248 /* APBDashboardLocationCollectionViewCell.h */,
				71E02C4B26F2626600830248 /* APBDashboardLocationCollectionViewCell.m */,
			);
			path = Views;
			sourceTree = "<group>";
		};
		7BA1B7CFEE1ADC643B0687B6 /* Frameworks */ = {
			isa = PBXGroup;
			children = (
				4385181701E6AF42408EC97D /* Pods_APBLocationTracker.framework */,
				A8E5291E3DCD8635A98C7D74 /* Pods_APBLocationTracker_APBLocationTrackerUITests.framework */,
				F6B058C776D48ACC38B05E71 /* Pods_APBLocationTrackerTests.framework */,
			);
			name = Frameworks;
			sourceTree = "<group>";
		};
		CE510B37476554EEE9805EEA /* Pods */ = {
			isa = PBXGroup;
			children = (
				7E81BB11175B0D08AB2224DA /* Pods-APBLocationTracker.debug.xcconfig */,
				C592740ED85A36BE8BCD383E /* Pods-APBLocationTracker.release.xcconfig */,
				E53A084FB3DAF982E31DB172 /* Pods-APBLocationTracker-APBLocationTrackerUITests.debug.xcconfig */,
				A282D60E577A477651D1DB5F /* Pods-APBLocationTracker-APBLocationTrackerUITests.release.xcconfig */,
				6B8F41319D22949AC0A20B21 /* Pods-APBLocationTrackerTests.debug.xcconfig */,
				256D3C135D7D0F8FEFC49CF3 /* Pods-APBLocationTrackerTests.release.xcconfig */,
			);
			path = Pods;
			sourceTree = "<group>";
		};
/* End PBXGroup section */

/* Begin PBXNativeTarget section */
		7197359526E8FAF1001B36F7 /* APBLocationTracker */ = {
			isa = PBXNativeTarget;
			buildConfigurationList = 719735C826E8FAF3001B36F7 /* Build configuration list for PBXNativeTarget "APBLocationTracker" */;
			buildPhases = (
				96AF720BF797C75E1295778F /* [CP] Check Pods Manifest.lock */,
				7197359226E8FAF1001B36F7 /* Sources */,
				7197359326E8FAF1001B36F7 /* Frameworks */,
				7197359426E8FAF1001B36F7 /* Resources */,
				E562A15F90703A5C2FFC9B0D /* [CP] Embed Pods Frameworks */,
			);
			buildRules = (
			);
			dependencies = (
			);
			name = APBLocationTracker;
			productName = APBLocationTracker;
			productReference = 7197359626E8FAF1001B36F7 /* APBLocationTracker.app */;
			productType = "com.apple.product-type.application";
		};
		719735B326E8FAF3001B36F7 /* APBLocationTrackerTests */ = {
			isa = PBXNativeTarget;
			buildConfigurationList = 719735CB26E8FAF3001B36F7 /* Build configuration list for PBXNativeTarget "APBLocationTrackerTests" */;
			buildPhases = (
				CAA29A51D19BA12D3A6C777E /* [CP] Check Pods Manifest.lock */,
				719735B026E8FAF3001B36F7 /* Sources */,
				719735B126E8FAF3001B36F7 /* Frameworks */,
				719735B226E8FAF3001B36F7 /* Resources */,
			);
			buildRules = (
			);
			dependencies = (
				719735B626E8FAF3001B36F7 /* PBXTargetDependency */,
			);
			name = APBLocationTrackerTests;
			productName = APBLocationTrackerTests;
			productReference = 719735B426E8FAF3001B36F7 /* APBLocationTrackerTests.xctest */;
			productType = "com.apple.product-type.bundle.unit-test";
		};
		719735BE26E8FAF3001B36F7 /* APBLocationTrackerUITests */ = {
			isa = PBXNativeTarget;
			buildConfigurationList = 719735CE26E8FAF3001B36F7 /* Build configuration list for PBXNativeTarget "APBLocationTrackerUITests" */;
			buildPhases = (
				9A7C6294F0803673F4930A17 /* [CP] Check Pods Manifest.lock */,
				719735BB26E8FAF3001B36F7 /* Sources */,
				719735BC26E8FAF3001B36F7 /* Frameworks */,
				719735BD26E8FAF3001B36F7 /* Resources */,
				DD2ACCDB621F8C099E9DF174 /* [CP] Embed Pods Frameworks */,
			);
			buildRules = (
			);
			dependencies = (
				719735C126E8FAF3001B36F7 /* PBXTargetDependency */,
			);
			name = APBLocationTrackerUITests;
			productName = APBLocationTrackerUITests;
			productReference = 719735BF26E8FAF3001B36F7 /* APBLocationTrackerUITests.xctest */;
			productType = "com.apple.product-type.bundle.ui-testing";
		};
/* End PBXNativeTarget section */

/* Begin PBXProject section */
		7197358E26E8FAF1001B36F7 /* Project object */ = {
			isa = PBXProject;
			attributes = {
				LastUpgradeCheck = 1250;
				TargetAttributes = {
					7197359526E8FAF1001B36F7 = {
						CreatedOnToolsVersion = 12.5.1;
					};
					719735B326E8FAF3001B36F7 = {
						CreatedOnToolsVersion = 12.5.1;
						TestTargetID = 7197359526E8FAF1001B36F7;
					};
					719735BE26E8FAF3001B36F7 = {
						CreatedOnToolsVersion = 12.5.1;
						TestTargetID = 7197359526E8FAF1001B36F7;
					};
				};
			};
			buildConfigurationList = 7197359126E8FAF1001B36F7 /* Build configuration list for PBXProject "APBLocationTracker" */;
			compatibilityVersion = "Xcode 9.3";
			developmentRegion = en;
			hasScannedForEncodings = 0;
			knownRegions = (
				en,
				Base,
			);
			mainGroup = 7197358D26E8FAF1001B36F7;
			productRefGroup = 7197359726E8FAF1001B36F7 /* Products */;
			projectDirPath = "";
			projectRoot = "";
			targets = (
				7197359526E8FAF1001B36F7 /* APBLocationTracker */,
				719735B326E8FAF3001B36F7 /* APBLocationTrackerTests */,
				719735BE26E8FAF3001B36F7 /* APBLocationTrackerUITests */,
			);
		};
/* End PBXProject section */

/* Begin PBXResourcesBuildPhase section */
		7197359426E8FAF1001B36F7 /* Resources */ = {
			isa = PBXResourcesBuildPhase;
			buildActionMask = 2147483647;
			files = (
				719735AC26E8FAF2001B36F7 /* LaunchScreen.storyboard in Resources */,
				719735A926E8FAF2001B36F7 /* Assets.xcassets in Resources */,
			);
			runOnlyForDeploymentPostprocessing = 0;
		};
		719735B226E8FAF3001B36F7 /* Resources */ = {
			isa = PBXResourcesBuildPhase;
			buildActionMask = 2147483647;
			files = (
			);
			runOnlyForDeploymentPostprocessing = 0;
		};
		719735BD26E8FAF3001B36F7 /* Resources */ = {
			isa = PBXResourcesBuildPhase;
			buildActionMask = 2147483647;
			files = (
			);
			runOnlyForDeploymentPostprocessing = 0;
		};
/* End PBXResourcesBuildPhase section */

/* Begin PBXShellScriptBuildPhase section */
		96AF720BF797C75E1295778F /* [CP] Check Pods Manifest.lock */ = {
			isa = PBXShellScriptBuildPhase;
			buildActionMask = 2147483647;
			files = (
			);
			inputFileListPaths = (
			);
			inputPaths = (
				"${PODS_PODFILE_DIR_PATH}/Podfile.lock",
				"${PODS_ROOT}/Manifest.lock",
			);
			name = "[CP] Check Pods Manifest.lock";
			outputFileListPaths = (
			);
			outputPaths = (
				"$(DERIVED_FILE_DIR)/Pods-APBLocationTracker-checkManifestLockResult.txt",
			);
			runOnlyForDeploymentPostprocessing = 0;
			shellPath = /bin/sh;
			shellScript = "diff \"${PODS_PODFILE_DIR_PATH}/Podfile.lock\" \"${PODS_ROOT}/Manifest.lock\" > /dev/null\nif [ $? != 0 ] ; then\n    # print error to STDERR\n    echo \"error: The sandbox is not in sync with the Podfile.lock. Run 'pod install' or update your CocoaPods installation.\" >&2\n    exit 1\nfi\n# This output is used by Xcode 'outputs' to avoid re-running this script phase.\necho \"SUCCESS\" > \"${SCRIPT_OUTPUT_FILE_0}\"\n";
			showEnvVarsInLog = 0;
		};
		9A7C6294F0803673F4930A17 /* [CP] Check Pods Manifest.lock */ = {
			isa = PBXShellScriptBuildPhase;
			buildActionMask = 2147483647;
			files = (
			);
			inputFileListPaths = (
			);
			inputPaths = (
				"${PODS_PODFILE_DIR_PATH}/Podfile.lock",
				"${PODS_ROOT}/Manifest.lock",
			);
			name = "[CP] Check Pods Manifest.lock";
			outputFileListPaths = (
			);
			outputPaths = (
				"$(DERIVED_FILE_DIR)/Pods-APBLocationTracker-APBLocationTrackerUITests-checkManifestLockResult.txt",
			);
			runOnlyForDeploymentPostprocessing = 0;
			shellPath = /bin/sh;
			shellScript = "diff \"${PODS_PODFILE_DIR_PATH}/Podfile.lock\" \"${PODS_ROOT}/Manifest.lock\" > /dev/null\nif [ $? != 0 ] ; then\n    # print error to STDERR\n    echo \"error: The sandbox is not in sync with the Podfile.lock. Run 'pod install' or update your CocoaPods installation.\" >&2\n    exit 1\nfi\n# This output is used by Xcode 'outputs' to avoid re-running this script phase.\necho \"SUCCESS\" > \"${SCRIPT_OUTPUT_FILE_0}\"\n";
			showEnvVarsInLog = 0;
		};
		CAA29A51D19BA12D3A6C777E /* [CP] Check Pods Manifest.lock */ = {
			isa = PBXShellScriptBuildPhase;
			buildActionMask = 2147483647;
			files = (
			);
			inputFileListPaths = (
			);
			inputPaths = (
				"${PODS_PODFILE_DIR_PATH}/Podfile.lock",
				"${PODS_ROOT}/Manifest.lock",
			);
			name = "[CP] Check Pods Manifest.lock";
			outputFileListPaths = (
			);
			outputPaths = (
				"$(DERIVED_FILE_DIR)/Pods-APBLocationTrackerTests-checkManifestLockResult.txt",
			);
			runOnlyForDeploymentPostprocessing = 0;
			shellPath = /bin/sh;
			shellScript = "diff \"${PODS_PODFILE_DIR_PATH}/Podfile.lock\" \"${PODS_ROOT}/Manifest.lock\" > /dev/null\nif [ $? != 0 ] ; then\n    # print error to STDERR\n    echo \"error: The sandbox is not in sync with the Podfile.lock. Run 'pod install' or update your CocoaPods installation.\" >&2\n    exit 1\nfi\n# This output is used by Xcode 'outputs' to avoid re-running this script phase.\necho \"SUCCESS\" > \"${SCRIPT_OUTPUT_FILE_0}\"\n";
			showEnvVarsInLog = 0;
		};
		DD2ACCDB621F8C099E9DF174 /* [CP] Embed Pods Frameworks */ = {
			isa = PBXShellScriptBuildPhase;
			buildActionMask = 2147483647;
			files = (
			);
			inputFileListPaths = (
				"${PODS_ROOT}/Target Support Files/Pods-APBLocationTracker-APBLocationTrackerUITests/Pods-APBLocationTracker-APBLocationTrackerUITests-frameworks-${CONFIGURATION}-input-files.xcfilelist",
			);
			name = "[CP] Embed Pods Frameworks";
			outputFileListPaths = (
				"${PODS_ROOT}/Target Support Files/Pods-APBLocationTracker-APBLocationTrackerUITests/Pods-APBLocationTracker-APBLocationTrackerUITests-frameworks-${CONFIGURATION}-output-files.xcfilelist",
			);
			runOnlyForDeploymentPostprocessing = 0;
			shellPath = /bin/sh;
			shellScript = "\"${PODS_ROOT}/Target Support Files/Pods-APBLocationTracker-APBLocationTrackerUITests/Pods-APBLocationTracker-APBLocationTrackerUITests-frameworks.sh\"\n";
			showEnvVarsInLog = 0;
		};
		E562A15F90703A5C2FFC9B0D /* [CP] Embed Pods Frameworks */ = {
			isa = PBXShellScriptBuildPhase;
			buildActionMask = 2147483647;
			files = (
			);
			inputFileListPaths = (
				"${PODS_ROOT}/Target Support Files/Pods-APBLocationTracker/Pods-APBLocationTracker-frameworks-${CONFIGURATION}-input-files.xcfilelist",
			);
			name = "[CP] Embed Pods Frameworks";
			outputFileListPaths = (
				"${PODS_ROOT}/Target Support Files/Pods-APBLocationTracker/Pods-APBLocationTracker-frameworks-${CONFIGURATION}-output-files.xcfilelist",
			);
			runOnlyForDeploymentPostprocessing = 0;
			shellPath = /bin/sh;
			shellScript = "\"${PODS_ROOT}/Target Support Files/Pods-APBLocationTracker/Pods-APBLocationTracker-frameworks.sh\"\n";
			showEnvVarsInLog = 0;
		};
/* End PBXShellScriptBuildPhase section */

/* Begin PBXSourcesBuildPhase section */
		7197359226E8FAF1001B36F7 /* Sources */ = {
			isa = PBXSourcesBuildPhase;
			buildActionMask = 2147483647;
			files = (
				719735AF26E8FAF2001B36F7 /* main.m in Sources */,
				71E4F9D526EA658D0046B006 /* APBDashboardViewController.m in Sources */,
				71E4F9D926EA65CA0046B006 /* APBDashboardRootView.m in Sources */,
				71E02C3B26F0A94300830248 /* APBLocationMO+CoreDataProperties.m in Sources */,
				71E02C3826F0A94300830248 /* APBReviewMO+CoreDataClass.m in Sources */,
				71E02C3A26F0A94300830248 /* APBLocationMO+CoreDataClass.m in Sources */,
				71E02C4526F100DB00830248 /* NSManagedObject+Helpers.m in Sources */,
				7197359B26E8FAF1001B36F7 /* AppDelegate.m in Sources */,
				719735A726E8FAF1001B36F7 /* APBLocationTracker.xcdatamodeld in Sources */,
				71E02C4C26F2626600830248 /* APBDashboardLocationCollectionViewCell.m in Sources */,
				71E02C3C26F0A94300830248 /* APBPhotoMO+CoreDataClass.m in Sources */,
				71E02C4926F25F4600830248 /* APBLocationsCollectionViewDelegate.m in Sources */,
				71E02C3926F0A94300830248 /* APBReviewMO+CoreDataProperties.m in Sources */,
				71E02C3D26F0A94300830248 /* APBPhotoMO+CoreDataProperties.m in Sources */,
				71E02C4226F0F17E00830248 /* NSDictionary+SafeGuard.m in Sources */,
			);
			runOnlyForDeploymentPostprocessing = 0;
		};
		719735B026E8FAF3001B36F7 /* Sources */ = {
			isa = PBXSourcesBuildPhase;
			buildActionMask = 2147483647;
			files = (
				71848AE726EF9BDB00EC75C8 /* APBDashboardViewControllerMock.m in Sources */,
				719735B926E8FAF3001B36F7 /* APBLocationTrackerTests.m in Sources */,
				71848AE326EF979A00EC75C8 /* APBDashboardViewControllerTests.m in Sources */,
			);
			runOnlyForDeploymentPostprocessing = 0;
		};
		719735BB26E8FAF3001B36F7 /* Sources */ = {
			isa = PBXSourcesBuildPhase;
			buildActionMask = 2147483647;
			files = (
				719735C426E8FAF3001B36F7 /* APBLocationTrackerUITests.m in Sources */,
			);
			runOnlyForDeploymentPostprocessing = 0;
		};
/* End PBXSourcesBuildPhase section */

/* Begin PBXTargetDependency section */
		719735B626E8FAF3001B36F7 /* PBXTargetDependency */ = {
			isa = PBXTargetDependency;
			platformFilter = ios;
			target = 7197359526E8FAF1001B36F7 /* APBLocationTracker */;
			targetProxy = 719735B526E8FAF3001B36F7 /* PBXContainerItemProxy */;
		};
		719735C126E8FAF3001B36F7 /* PBXTargetDependency */ = {
			isa = PBXTargetDependency;
			platformFilter = ios;
			target = 7197359526E8FAF1001B36F7 /* APBLocationTracker */;
			targetProxy = 719735C026E8FAF3001B36F7 /* PBXContainerItemProxy */;
		};
/* End PBXTargetDependency section */

/* Begin PBXVariantGroup section */
		719735AA26E8FAF2001B36F7 /* LaunchScreen.storyboard */ = {
			isa = PBXVariantGroup;
			children = (
				719735AB26E8FAF2001B36F7 /* Base */,
			);
			name = LaunchScreen.storyboard;
			sourceTree = "<group>";
		};
/* End PBXVariantGroup section */

/* Begin XCBuildConfiguration section */
		719735C626E8FAF3001B36F7 /* Debug */ = {
			isa = XCBuildConfiguration;
			buildSettings = {
				ALWAYS_SEARCH_USER_PATHS = NO;
				CLANG_ANALYZER_NONNULL = YES;
				CLANG_ANALYZER_NUMBER_OBJECT_CONVERSION = YES_AGGRESSIVE;
				CLANG_CXX_LANGUAGE_STANDARD = "gnu++14";
				CLANG_CXX_LIBRARY = "libc++";
				CLANG_ENABLE_MODULES = YES;
				CLANG_ENABLE_OBJC_ARC = YES;
				CLANG_ENABLE_OBJC_WEAK = YES;
				CLANG_WARN_BLOCK_CAPTURE_AUTORELEASING = YES;
				CLANG_WARN_BOOL_CONVERSION = YES;
				CLANG_WARN_COMMA = YES;
				CLANG_WARN_CONSTANT_CONVERSION = YES;
				CLANG_WARN_DEPRECATED_OBJC_IMPLEMENTATIONS = YES;
				CLANG_WARN_DIRECT_OBJC_ISA_USAGE = YES_ERROR;
				CLANG_WARN_DOCUMENTATION_COMMENTS = YES;
				CLANG_WARN_EMPTY_BODY = YES;
				CLANG_WARN_ENUM_CONVERSION = YES;
				CLANG_WARN_INFINITE_RECURSION = YES;
				CLANG_WARN_INT_CONVERSION = YES;
				CLANG_WARN_NON_LITERAL_NULL_CONVERSION = YES;
				CLANG_WARN_OBJC_IMPLICIT_RETAIN_SELF = YES;
				CLANG_WARN_OBJC_LITERAL_CONVERSION = YES;
				CLANG_WARN_OBJC_ROOT_CLASS = YES_ERROR;
				CLANG_WARN_QUOTED_INCLUDE_IN_FRAMEWORK_HEADER = YES;
				CLANG_WARN_RANGE_LOOP_ANALYSIS = YES;
				CLANG_WARN_STRICT_PROTOTYPES = YES;
				CLANG_WARN_SUSPICIOUS_MOVE = YES;
				CLANG_WARN_UNGUARDED_AVAILABILITY = YES_AGGRESSIVE;
				CLANG_WARN_UNREACHABLE_CODE = YES;
				CLANG_WARN__DUPLICATE_METHOD_MATCH = YES;
				COPY_PHASE_STRIP = NO;
				DEBUG_INFORMATION_FORMAT = dwarf;
				ENABLE_STRICT_OBJC_MSGSEND = YES;
				ENABLE_TESTABILITY = YES;
				GCC_C_LANGUAGE_STANDARD = gnu11;
				GCC_DYNAMIC_NO_PIC = NO;
				GCC_NO_COMMON_BLOCKS = YES;
				GCC_OPTIMIZATION_LEVEL = 0;
				GCC_PREPROCESSOR_DEFINITIONS = (
					"DEBUG=1",
					"$(inherited)",
				);
				GCC_WARN_64_TO_32_BIT_CONVERSION = YES;
				GCC_WARN_ABOUT_RETURN_TYPE = YES_ERROR;
				GCC_WARN_UNDECLARED_SELECTOR = YES;
				GCC_WARN_UNINITIALIZED_AUTOS = YES_AGGRESSIVE;
				GCC_WARN_UNUSED_FUNCTION = YES;
				GCC_WARN_UNUSED_VARIABLE = YES;
				IPHONEOS_DEPLOYMENT_TARGET = 14.5;
				MTL_ENABLE_DEBUG_INFO = INCLUDE_SOURCE;
				MTL_FAST_MATH = YES;
				ONLY_ACTIVE_ARCH = YES;
				SDKROOT = iphoneos;
			};
			name = Debug;
		};
		719735C726E8FAF3001B36F7 /* Release */ = {
			isa = XCBuildConfiguration;
			buildSettings = {
				ALWAYS_SEARCH_USER_PATHS = NO;
				CLANG_ANALYZER_NONNULL = YES;
				CLANG_ANALYZER_NUMBER_OBJECT_CONVERSION = YES_AGGRESSIVE;
				CLANG_CXX_LANGUAGE_STANDARD = "gnu++14";
				CLANG_CXX_LIBRARY = "libc++";
				CLANG_ENABLE_MODULES = YES;
				CLANG_ENABLE_OBJC_ARC = YES;
				CLANG_ENABLE_OBJC_WEAK = YES;
				CLANG_WARN_BLOCK_CAPTURE_AUTORELEASING = YES;
				CLANG_WARN_BOOL_CONVERSION = YES;
				CLANG_WARN_COMMA = YES;
				CLANG_WARN_CONSTANT_CONVERSION = YES;
				CLANG_WARN_DEPRECATED_OBJC_IMPLEMENTATIONS = YES;
				CLANG_WARN_DIRECT_OBJC_ISA_USAGE = YES_ERROR;
				CLANG_WARN_DOCUMENTATION_COMMENTS = YES;
				CLANG_WARN_EMPTY_BODY = YES;
				CLANG_WARN_ENUM_CONVERSION = YES;
				CLANG_WARN_INFINITE_RECURSION = YES;
				CLANG_WARN_INT_CONVERSION = YES;
				CLANG_WARN_NON_LITERAL_NULL_CONVERSION = YES;
				CLANG_WARN_OBJC_IMPLICIT_RETAIN_SELF = YES;
				CLANG_WARN_OBJC_LITERAL_CONVERSION = YES;
				CLANG_WARN_OBJC_ROOT_CLASS = YES_ERROR;
				CLANG_WARN_QUOTED_INCLUDE_IN_FRAMEWORK_HEADER = YES;
				CLANG_WARN_RANGE_LOOP_ANALYSIS = YES;
				CLANG_WARN_STRICT_PROTOTYPES = YES;
				CLANG_WARN_SUSPICIOUS_MOVE = YES;
				CLANG_WARN_UNGUARDED_AVAILABILITY = YES_AGGRESSIVE;
				CLANG_WARN_UNREACHABLE_CODE = YES;
				CLANG_WARN__DUPLICATE_METHOD_MATCH = YES;
				COPY_PHASE_STRIP = NO;
				DEBUG_INFORMATION_FORMAT = "dwarf-with-dsym";
				ENABLE_NS_ASSERTIONS = NO;
				ENABLE_STRICT_OBJC_MSGSEND = YES;
				GCC_C_LANGUAGE_STANDARD = gnu11;
				GCC_NO_COMMON_BLOCKS = YES;
				GCC_WARN_64_TO_32_BIT_CONVERSION = YES;
				GCC_WARN_ABOUT_RETURN_TYPE = YES_ERROR;
				GCC_WARN_UNDECLARED_SELECTOR = YES;
				GCC_WARN_UNINITIALIZED_AUTOS = YES_AGGRESSIVE;
				GCC_WARN_UNUSED_FUNCTION = YES;
				GCC_WARN_UNUSED_VARIABLE = YES;
				IPHONEOS_DEPLOYMENT_TARGET = 14.5;
				MTL_ENABLE_DEBUG_INFO = NO;
				MTL_FAST_MATH = YES;
				SDKROOT = iphoneos;
				VALIDATE_PRODUCT = YES;
			};
			name = Release;
		};
		719735C926E8FAF3001B36F7 /* Debug */ = {
			isa = XCBuildConfiguration;
			baseConfigurationReference = 7E81BB11175B0D08AB2224DA /* Pods-APBLocationTracker.debug.xcconfig */;
			buildSettings = {
				ASSETCATALOG_COMPILER_APPICON_NAME = AppIcon;
				ASSETCATALOG_COMPILER_GLOBAL_ACCENT_COLOR_NAME = AccentColor;
				CODE_SIGN_STYLE = Automatic;
				DEVELOPMENT_TEAM = 4N87CRMB5W;
				INFOPLIST_FILE = "APBLocationTracker/Supporting Files/Info.plist";
				IPHONEOS_DEPLOYMENT_TARGET = 14.5;
				LD_RUNPATH_SEARCH_PATHS = (
					"$(inherited)",
					"@executable_path/Frameworks",
				);
				PRODUCT_BUNDLE_IDENTIFIER = com.approvedbug.APBLocationTracker;
				PRODUCT_NAME = "$(TARGET_NAME)";
				TARGETED_DEVICE_FAMILY = 1;
			};
			name = Debug;
		};
		719735CA26E8FAF3001B36F7 /* Release */ = {
			isa = XCBuildConfiguration;
			baseConfigurationReference = C592740ED85A36BE8BCD383E /* Pods-APBLocationTracker.release.xcconfig */;
			buildSettings = {
				ASSETCATALOG_COMPILER_APPICON_NAME = AppIcon;
				ASSETCATALOG_COMPILER_GLOBAL_ACCENT_COLOR_NAME = AccentColor;
				CODE_SIGN_STYLE = Automatic;
				DEVELOPMENT_TEAM = 4N87CRMB5W;
				INFOPLIST_FILE = "APBLocationTracker/Supporting Files/Info.plist";
				IPHONEOS_DEPLOYMENT_TARGET = 14.5;
				LD_RUNPATH_SEARCH_PATHS = (
					"$(inherited)",
					"@executable_path/Frameworks",
				);
				PRODUCT_BUNDLE_IDENTIFIER = com.approvedbug.APBLocationTracker;
				PRODUCT_NAME = "$(TARGET_NAME)";
				TARGETED_DEVICE_FAMILY = 1;
			};
			name = Release;
		};
		719735CC26E8FAF3001B36F7 /* Debug */ = {
			isa = XCBuildConfiguration;
			baseConfigurationReference = 6B8F41319D22949AC0A20B21 /* Pods-APBLocationTrackerTests.debug.xcconfig */;
			buildSettings = {
				BUNDLE_LOADER = "$(TEST_HOST)";
				CODE_SIGN_STYLE = Automatic;
				DEVELOPMENT_TEAM = 4N87CRMB5W;
				INFOPLIST_FILE = APBLocationTrackerTests/Info.plist;
				IPHONEOS_DEPLOYMENT_TARGET = 14.5;
				LD_RUNPATH_SEARCH_PATHS = (
					"$(inherited)",
					"@executable_path/Frameworks",
					"@loader_path/Frameworks",
				);
				PRODUCT_BUNDLE_IDENTIFIER = com.approvedbug.APBLocationTrackerTests;
				PRODUCT_NAME = "$(TARGET_NAME)";
				TARGETED_DEVICE_FAMILY = "1,2";
				TEST_HOST = "$(BUILT_PRODUCTS_DIR)/APBLocationTracker.app/APBLocationTracker";
			};
			name = Debug;
		};
		719735CD26E8FAF3001B36F7 /* Release */ = {
			isa = XCBuildConfiguration;
			baseConfigurationReference = 256D3C135D7D0F8FEFC49CF3 /* Pods-APBLocationTrackerTests.release.xcconfig */;
			buildSettings = {
				BUNDLE_LOADER = "$(TEST_HOST)";
				CODE_SIGN_STYLE = Automatic;
				DEVELOPMENT_TEAM = 4N87CRMB5W;
				INFOPLIST_FILE = APBLocationTrackerTests/Info.plist;
				IPHONEOS_DEPLOYMENT_TARGET = 14.5;
				LD_RUNPATH_SEARCH_PATHS = (
					"$(inherited)",
					"@executable_path/Frameworks",
					"@loader_path/Frameworks",
				);
				PRODUCT_BUNDLE_IDENTIFIER = com.approvedbug.APBLocationTrackerTests;
				PRODUCT_NAME = "$(TARGET_NAME)";
				TARGETED_DEVICE_FAMILY = "1,2";
				TEST_HOST = "$(BUILT_PRODUCTS_DIR)/APBLocationTracker.app/APBLocationTracker";
			};
			name = Release;
		};
		719735CF26E8FAF3001B36F7 /* Debug */ = {
			isa = XCBuildConfiguration;
			baseConfigurationReference = E53A084FB3DAF982E31DB172 /* Pods-APBLocationTracker-APBLocationTrackerUITests.debug.xcconfig */;
			buildSettings = {
				CODE_SIGN_STYLE = Automatic;
				DEVELOPMENT_TEAM = 4N87CRMB5W;
				INFOPLIST_FILE = APBLocationTrackerUITests/Info.plist;
				IPHONEOS_DEPLOYMENT_TARGET = 14.5;
				LD_RUNPATH_SEARCH_PATHS = (
					"$(inherited)",
					"@executable_path/Frameworks",
					"@loader_path/Frameworks",
				);
				PRODUCT_BUNDLE_IDENTIFIER = com.approvedbug.APBLocationTrackerUITests;
				PRODUCT_NAME = "$(TARGET_NAME)";
				TARGETED_DEVICE_FAMILY = "1,2";
				TEST_TARGET_NAME = APBLocationTracker;
			};
			name = Debug;
		};
		719735D026E8FAF3001B36F7 /* Release */ = {
			isa = XCBuildConfiguration;
			baseConfigurationReference = A282D60E577A477651D1DB5F /* Pods-APBLocationTracker-APBLocationTrackerUITests.release.xcconfig */;
			buildSettings = {
				CODE_SIGN_STYLE = Automatic;
				DEVELOPMENT_TEAM = 4N87CRMB5W;
				INFOPLIST_FILE = APBLocationTrackerUITests/Info.plist;
				IPHONEOS_DEPLOYMENT_TARGET = 14.5;
				LD_RUNPATH_SEARCH_PATHS = (
					"$(inherited)",
					"@executable_path/Frameworks",
					"@loader_path/Frameworks",
				);
				PRODUCT_BUNDLE_IDENTIFIER = com.approvedbug.APBLocationTrackerUITests;
				PRODUCT_NAME = "$(TARGET_NAME)";
				TARGETED_DEVICE_FAMILY = "1,2";
				TEST_TARGET_NAME = APBLocationTracker;
			};
			name = Release;
		};
/* End XCBuildConfiguration section */

/* Begin XCConfigurationList section */
		7197359126E8FAF1001B36F7 /* Build configuration list for PBXProject "APBLocationTracker" */ = {
			isa = XCConfigurationList;
			buildConfigurations = (
				719735C626E8FAF3001B36F7 /* Debug */,
				719735C726E8FAF3001B36F7 /* Release */,
			);
			defaultConfigurationIsVisible = 0;
			defaultConfigurationName = Release;
		};
		719735C826E8FAF3001B36F7 /* Build configuration list for PBXNativeTarget "APBLocationTracker" */ = {
			isa = XCConfigurationList;
			buildConfigurations = (
				719735C926E8FAF3001B36F7 /* Debug */,
				719735CA26E8FAF3001B36F7 /* Release */,
			);
			defaultConfigurationIsVisible = 0;
			defaultConfigurationName = Release;
		};
		719735CB26E8FAF3001B36F7 /* Build configuration list for PBXNativeTarget "APBLocationTrackerTests" */ = {
			isa = XCConfigurationList;
			buildConfigurations = (
				719735CC26E8FAF3001B36F7 /* Debug */,
				719735CD26E8FAF3001B36F7 /* Release */,
			);
			defaultConfigurationIsVisible = 0;
			defaultConfigurationName = Release;
		};
		719735CE26E8FAF3001B36F7 /* Build configuration list for PBXNativeTarget "APBLocationTrackerUITests" */ = {
			isa = XCConfigurationList;
			buildConfigurations = (
				719735CF26E8FAF3001B36F7 /* Debug */,
				719735D026E8FAF3001B36F7 /* Release */,
			);
			defaultConfigurationIsVisible = 0;
			defaultConfigurationName = Release;
		};
/* End XCConfigurationList section */

/* Begin XCVersionGroup section */
		719735A526E8FAF1001B36F7 /* APBLocationTracker.xcdatamodeld */ = {
			isa = XCVersionGroup;
			children = (
				719735A626E8FAF1001B36F7 /* APBLocationTracker.xcdatamodel */,
			);
			currentVersion = 719735A626E8FAF1001B36F7 /* APBLocationTracker.xcdatamodel */;
			path = APBLocationTracker.xcdatamodeld;
			sourceTree = "<group>";
			versionGroupType = wrapper.xcdatamodel;
		};
/* End XCVersionGroup section */
	};
	rootObject = 7197358E26E8FAF1001B36F7 /* Project object */;
}
